
Microsoft Visual Studio Solution File, Format Version 12.00
# SQL Server Management Studio Version 21
VisualStudioVersion = 17.14.36212.18
MinimumVisualStudioVersion = 10.0.40219.1
Project("{4F2E2C19-372F-40D8-9FA7-9D2138C6997A}") = "Saint", "Saint.ssmssqlproj", "{5D625EAE-EBE2-6D4A-EBD8-C35B66A78A76}"
EndProject
Global
	GlobalSection(SolutionConfigurationPlatforms) = preSolution
		Default|Default = Default|Default
	EndGlobalSection
	GlobalSection(ProjectConfigurationPlatforms) = postSolution
		{5D625EAE-EBE2-6D4A-EBD8-C35B66A78A76}.Default|Default.ActiveCfg = Default
		{16D1092B-A131-43A8-AAFE-21747830412C}.Default|Default.ActiveCfg = Default
	EndGlobalSection
	GlobalSection(SolutionProperties) = preSolution
		HideSolutionNode = FALSE
	EndGlobalSection
	GlobalSection(ExtensibilityGlobals) = postSolution
		SolutionGuid = {7A0ADA78-50CB-45C2-BEB4-C87591DA210D}
	EndGlobalSection
EndGlobal
